{
  "nodes": {
    "nix-core": {
      "inputs": {
        "nixpkgs": [
          "nixpkgs"
        ]
      },
      "locked": {
        "lastModified": 1772765129,
        "narHash": "sha256-Hh2R98vc/M/hcu2x+YVk5WTwIp0la3BEuYx+lS988Jc=",
        "owner": "chusovich",
        "repo": "nix-core",
        "rev": "8f56dd1ce05b7ca82aa9583c3dc54d9b252e77c1",
        "type": "github"
      },
      "original": {
        "owner": "chusovich",
        "ref": "0.1.0",
        "repo": "nix-core",
        "type": "github"
      }
    },
    "nixpkgs": {
      "locked": {
        "lastModified": 1772598333,
        "narHash": "sha256-YaHht/C35INEX3DeJQNWjNaTcPjYmBwwjFJ2jdtr+5U=",
        "owner": "NixOS",
        "repo": "nixpkgs",
        "rev": "fabb8c9deee281e50b1065002c9828f2cf7b2239",
        "type": "github"
      },
      "original": {
        "owner": "NixOS",
        "ref": "nixos-25.11",
        "repo": "nixpkgs",
        "type": "github"
      }
    },
    "root": {
      "inputs": {
        "nix-core": "nix-core",
        "nixpkgs": "nixpkgs"
      }
    }
  },
  "root": "root",
  "version": 7
}
